// !$*UTF8*$!
{
	archiveVersion = 1;
	classes = {
	};
	objectVersion = 46;
	objects = {

/* Begin PBXBuildFile section */
		C73E01241B55C81800776C31 /* TableViewCell.swift in Sources */ = {isa = PBXBuildFile; fileRef = C73E01231B55C81800776C31 /* TableViewCell.swift */; };
		C73E01261B55C83B00776C31 /* testview.swift in Sources */ = {isa = PBXBuildFile; fileRef = C73E01251B55C83B00776C31 /* testview.swift */; };
		C75DCDB51B112ACC001772CA /* AppDelegate.swift in Sources */ = {isa = PBXBuildFile; fileRef = C75DCDB41B112ACC001772CA /* AppDelegate.swift */; };
		C75DCDB71B112ACC001772CA /* ViewController.swift in Sources */ = {isa = PBXBuildFile; fileRef = C75DCDB61B112ACC001772CA /* ViewController.swift */; };
		C75DCDBA1B112ACC001772CA /* Main.storyboard in Resources */ = {isa = PBXBuildFile; fileRef = C75DCDB81B112ACC001772CA /* Main.storyboard */; };
		C75DCDBC1B112ACC001772CA /* Images.xcassets in Resources */ = {isa = PBXBuildFile; fileRef = C75DCDBB1B112ACC001772CA /* Images.xcassets */; };
		C75DCDCB1B112ACD001772CA /* Ringo_iOSTests.swift in Sources */ = {isa = PBXBuildFile; fileRef = C75DCDCA1B112ACD001772CA /* Ringo_iOSTests.swift */; };
		C75DCDD51B112D2F001772CA /* SandboxViewController.swift in Sources */ = {isa = PBXBuildFile; fileRef = C75DCDD41B112D2F001772CA /* SandboxViewController.swift */; };
		C7F427CF1B2B34B6008F0760 /* NDAViewController.swift in Sources */ = {isa = PBXBuildFile; fileRef = C7F427CE1B2B34B6008F0760 /* NDAViewController.swift */; };
/* End PBXBuildFile section */

/* Begin PBXContainerItemProxy section */
		C75DCDC51B112ACD001772CA /* PBXContainerItemProxy */ = {
			isa = PBXContainerItemProxy;
			containerPortal = C75DCDA71B112ACC001772CA /* Project object */;
			proxyType = 1;
			remoteGlobalIDString = C75DCDAE1B112ACC001772CA;
			remoteInfo = "Ringo-iOS";
		};
/* End PBXContainerItemProxy section */

/* Begin PBXFileReference section */
		C73E01231B55C81800776C31 /* TableViewCell.swift */ = {isa = PBXFileReference; fileEncoding = 4; lastKnownFileType = sourcecode.swift; path = TableViewCell.swift; sourceTree = "<group>"; };
		C73E01251B55C83B00776C31 /* testview.swift */ = {isa = PBXFileReference; fileEncoding = 4; lastKnownFileType = sourcecode.swift; path = testview.swift; sourceTree = "<group>"; };
		C75DCDAF1B112ACC001772CA /* Ringo-iOS.app */ = {isa = PBXFileReference; explicitFileType = wrapper.application; includeInIndex = 0; path = "Ringo-iOS.app"; sourceTree = BUILT_PRODUCTS_DIR; };
		C75DCDB31B112ACC001772CA /* Info.plist */ = {isa = PBXFileReference; lastKnownFileType = text.plist.xml; path = Info.plist; sourceTree = "<group>"; };
		C75DCDB41B112ACC001772CA /* AppDelegate.swift */ = {isa = PBXFileReference; lastKnownFileType = sourcecode.swift; path = AppDelegate.swift; sourceTree = "<group>"; };
		C75DCDB61B112ACC001772CA /* ViewController.swift */ = {isa = PBXFileReference; lastKnownFileType = sourcecode.swift; path = ViewController.swift; sourceTree = "<group>"; };
		C75DCDB91B112ACC001772CA /* Base */ = {isa = PBXFileReference; lastKnownFileType = file.storyboard; name = Base; path = Base.lproj/Main.storyboard; sourceTree = "<group>"; };
		C75DCDBB1B112ACC001772CA /* Images.xcassets */ = {isa = PBXFileReference; lastKnownFileType = folder.assetcatalog; path = Images.xcassets; sourceTree = "<group>"; };
		C75DCDC41B112ACD001772CA /* Ringo-iOSTests.xctest */ = {isa = PBXFileReference; explicitFileType = wrapper.cfbundle; includeInIndex = 0; path = "Ringo-iOSTests.xctest"; sourceTree = BUILT_PRODUCTS_DIR; };
		C75DCDC91B112ACD001772CA /* Info.plist */ = {isa = PBXFileReference; lastKnownFileType = text.plist.xml; path = Info.plist; sourceTree = "<group>"; };
		C75DCDCA1B112ACD001772CA /* Ringo_iOSTests.swift */ = {isa = PBXFileReference; lastKnownFileType = sourcecode.swift; path = Ringo_iOSTests.swift; sourceTree = "<group>"; };
		C75DCDD41B112D2F001772CA /* SandboxViewController.swift */ = {isa = PBXFileReference; fileEncoding = 4; lastKnownFileType = sourcecode.swift; path = SandboxViewController.swift; sourceTree = "<group>"; };
		C7F427CE1B2B34B6008F0760 /* NDAViewController.swift */ = {isa = PBXFileReference; fileEncoding = 4; lastKnownFileType = sourcecode.swift; path = NDAViewController.swift; sourceTree = "<group>"; };
/* End PBXFileReference section */

/* Begin PBXFrameworksBuildPhase section */
		C75DCDAC1B112ACC001772CA /* Frameworks */ = {
			isa = PBXFrameworksBuildPhase;
			buildActionMask = 2147483647;
			files = (
			);
			runOnlyForDeploymentPostprocessing = 0;
		};
		C75DCDC11B112ACD001772CA /* Frameworks */ = {
			isa = PBXFrameworksBuildPhase;
			buildActionMask = 2147483647;
			files = (
			);
			runOnlyForDeploymentPostprocessing = 0;
		};
/* End PBXFrameworksBuildPhase section */

/* Begin PBXGroup section */
		C75DCDA61B112ACC001772CA = {
			isa = PBXGroup;
			children = (
				C75DCDB11B112ACC001772CA /* Ringo-iOS */,
				C75DCDC71B112ACD001772CA /* Ringo-iOSTests */,
				C75DCDB01B112ACC001772CA /* Products */,
			);
			sourceTree = "<group>";
		};
		C75DCDB01B112ACC001772CA /* Products */ = {
			isa = PBXGroup;
			children = (
				C75DCDAF1B112ACC001772CA /* Ringo-iOS.app */,
				C75DCDC41B112ACD001772CA /* Ringo-iOSTests.xctest */,
			);
			name = Products;
			sourceTree = "<group>";
		};
		C75DCDB11B112ACC001772CA /* Ringo-iOS */ = {
			isa = PBXGroup;
			children = (
				C75DCDB41B112ACC001772CA /* AppDelegate.swift */,
				C75DCDB61B112ACC001772CA /* ViewController.swift */,
				C73E01231B55C81800776C31 /* TableViewCell.swift */,
				C73E01251B55C83B00776C31 /* testview.swift */,
				C75DCDD41B112D2F001772CA /* SandboxViewController.swift */,
				C7F427CE1B2B34B6008F0760 /* NDAViewController.swift */,
				C75DCDB81B112ACC001772CA /* Main.storyboard */,
				C75DCDBB1B112ACC001772CA /* Images.xcassets */,
				C75DCDB21B112ACC001772CA /* Supporting Files */,
			);
			path = "Ringo-iOS";
			sourceTree = "<group>";
		};
		C75DCDB21B112ACC001772CA /* Supporting Files */ = {
			isa = PBXGroup;
			children = (
				C75DCDB31B112ACC001772CA /* Info.plist */,
			);
			name = "Supporting Files";
			sourceTree = "<group>";
		};
		C75DCDC71B112ACD001772CA /* Ringo-iOSTests */ = {
			isa = PBXGroup;
			children = (
				C75DCDCA1B112ACD001772CA /* Ringo_iOSTests.swift */,
				C75DCDC81B112ACD001772CA /* Supporting Files */,
			);
			path = "Ringo-iOSTests";
			sourceTree = "<group>";
		};
		C75DCDC81B112ACD001772CA /* Supporting Files */ = {
			isa = PBXGroup;
			children = (
				C75DCDC91B112ACD001772CA /* Info.plist */,
			);
			name = "Supporting Files";
			sourceTree = "<group>";
		};
/* End PBXGroup section */

/* Begin PBXNativeTarget section */
		C75DCDAE1B112ACC001772CA /* Ringo-iOS */ = {
			isa = PBXNativeTarget;
			buildConfigurationList = C75DCDCE1B112ACD001772CA /* Build configuration list for PBXNativeTarget "Ringo-iOS" */;
			buildPhases = (
				C75DCDAB1B112ACC001772CA /* Sources */,
				C75DCDAC1B112ACC001772CA /* Frameworks */,
				C75DCDAD1B112ACC001772CA /* Resources */,
			);
			buildRules = (
			);
			dependencies = (
			);
			name = "Ringo-iOS";
			productName = "Ringo-iOS";
			productReference = C75DCDAF1B112ACC001772CA /* Ringo-iOS.app */;
			productType = "com.apple.product-type.application";
		};
		C75DCDC31B112ACD001772CA /* Ringo-iOSTests */ = {
			isa = PBXNativeTarget;
			buildConfigurationList = C75DCDD11B112ACD001772CA /* Build configuration list for PBXNativeTarget "Ringo-iOSTests" */;
			buildPhases = (
				C75DCDC01B112ACD001772CA /* Sources */,
				C75DCDC11B112ACD001772CA /* Frameworks */,
				C75DCDC21B112ACD001772CA /* Resources */,
			);
			buildRules = (
			);
			dependencies = (
				C75DCDC61B112ACD001772CA /* PBXTargetDependency */,
			);
			name = "Ringo-iOSTests";
			productName = "Ringo-iOSTests";
			productReference = C75DCDC41B112ACD001772CA /* Ringo-iOSTests.xctest */;
			productType = "com.apple.product-type.bundle.unit-test";
		};
/* End PBXNativeTarget section */

/* Begin PBXProject section */
		C75DCDA71B112ACC001772CA /* Project object */ = {
			isa = PBXProject;
			attributes = {
				LastSwiftUpdateCheck = 0700;
				LastUpgradeCheck = 0630;
				ORGANIZATIONNAME = "Gautam Mittal";
				TargetAttributes = {
					C75DCDAE1B112ACC001772CA = {
						CreatedOnToolsVersion = 6.3.2;
					};
					C75DCDC31B112ACD001772CA = {
						CreatedOnToolsVersion = 6.3.2;
						TestTargetID = C75DCDAE1B112ACC001772CA;
					};
				};
			};
			buildConfigurationList = C75DCDAA1B112ACC001772CA /* Build configuration list for PBXProject "Ringo-iOS" */;
			compatibilityVersion = "Xcode 3.2";
			developmentRegion = English;
			hasScannedForEncodings = 0;
			knownRegions = (
				en,
				Base,
			);
			mainGroup = C75DCDA61B112ACC001772CA;
			productRefGroup = C75DCDB01B112ACC001772CA /* Products */;
			projectDirPath = "";
			projectRoot = "";
			targets = (
				C75DCDAE1B112ACC001772CA /* Ringo-iOS */,
				C75DCDC31B112ACD001772CA /* Ringo-iOSTests */,
			);
		};
/* End PBXProject section */

/* Begin PBXResourcesBuildPhase section */
		C75DCDAD1B112ACC001772CA /* Resources */ = {
			isa = PBXResourcesBuildPhase;
			buildActionMask = 2147483647;
			files = (
				C75DCDBA1B112ACC001772CA /* Main.storyboard in Resources */,
				C75DCDBC1B112ACC001772CA /* Images.xcassets in Resources */,
			);
			runOnlyForDeploymentPostprocessing = 0;
		};
		C75DCDC21B112ACD001772CA /* Resources */ = {
			isa = PBXResourcesBuildPhase;
			buildActionMask = 2147483647;
			files = (
			);
			runOnlyForDeploymentPostprocessing = 0;
		};
/* End PBXResourcesBuildPhase section */

/* Begin PBXSourcesBuildPhase section */
		C75DCDAB1B112ACC001772CA /* Sources */ = {
			isa = PBXSourcesBuildPhase;
			buildActionMask = 2147483647;
			files = (
				C73E01241B55C81800776C31 /* TableViewCell.swift in Sources */,
				C7F427CF1B2B34B6008F0760 /* NDAViewController.swift in Sources */,
				C75DCDB71B112ACC001772CA /* ViewController.swift in Sources */,
				C75DCDB51B112ACC001772CA /* AppDelegate.swift in Sources */,
				C73E01261B55C83B00776C31 /* testview.swift in Sources */,
				C75DCDD51B112D2F001772CA /* SandboxViewController.swift in Sources */,
			);
			runOnlyForDeploymentPostprocessing = 0;
		};
		C75DCDC01B112ACD001772CA /* Sources */ = {
			isa = PBXSourcesBuildPhase;
			buildActionMask = 2147483647;
			files = (
				C75DCDCB1B112ACD001772CA /* Ringo_iOSTests.swift in Sources */,
			);
			runOnlyForDeploymentPostprocessing = 0;
		};
/* End PBXSourcesBuildPhase section */

/* Begin PBXTargetDependency section */
		C75DCDC61B112ACD001772CA /* PBXTargetDependency */ = {
			isa = PBXTargetDependency;
			target = C75DCDAE1B112ACC001772CA /* Ringo-iOS */;
			targetProxy = C75DCDC51B112ACD001772CA /* PBXContainerItemProxy */;
		};
/* End PBXTargetDependency section */

/* Begin PBXVariantGroup section */
		C75DCDB81B112ACC001772CA /* Main.storyboard */ = {
			isa = PBXVariantGroup;
			children = (
				C75DCDB91B112ACC001772CA /* Base */,
			);
			name = Main.storyboard;
			sourceTree = "<group>";
		};
/* End PBXVariantGroup section */

/* Begin XCBuildConfiguration section */
		C75DCDCC1B112ACD001772CA /* Debug */ = {
			isa = XCBuildConfiguration;
			buildSettings = {
				ALWAYS_SEARCH_USER_PATHS = NO;
				CLANG_CXX_LANGUAGE_STANDARD = "gnu++0x";
				CLANG_CXX_LIBRARY = "libc++";
				CLANG_ENABLE_MODULES = YES;
				CLANG_ENABLE_OBJC_ARC = YES;
				CLANG_WARN_BOOL_CONVERSION = YES;
				CLANG_WARN_CONSTANT_CONVERSION = YES;
				CLANG_WARN_DIRECT_OBJC_ISA_USAGE = YES_ERROR;
				CLANG_WARN_EMPTY_BODY = YES;
				CLANG_WARN_ENUM_CONVERSION = YES;
				CLANG_WARN_INT_CONVERSION = YES;
				CLANG_WARN_OBJC_ROOT_CLASS = YES_ERROR;
				CLANG_WARN_UNREACHABLE_CODE = YES;
				CLANG_WARN__DUPLICATE_METHOD_MATCH = YES;
				"CODE_SIGN_IDENTITY[sdk=iphoneos*]" = "iPhone Developer";
				COPY_PHASE_STRIP = NO;
				DEBUG_INFORMATION_FORMAT = "dwarf-with-dsym";
				ENABLE_STRICT_OBJC_MSGSEND = YES;
				GCC_C_LANGUAGE_STANDARD = gnu99;
				GCC_DYNAMIC_NO_PIC = NO;
				GCC_NO_COMMON_BLOCKS = YES;
				GCC_OPTIMIZATION_LEVEL = 0;
				GCC_PREPROCESSOR_DEFINITIONS = (
					"DEBUG=1",
					"$(inherited)",
				);
				GCC_SYMBOLS_PRIVATE_EXTERN = NO;
				GCC_WARN_64_TO_32_BIT_CONVERSION = YES;
				GCC_WARN_ABOUT_RETURN_TYPE = YES_ERROR;
				GCC_WARN_UNDECLARED_SELECTOR = YES;
				GCC_WARN_UNINITIALIZED_AUTOS = YES_AGGRESSIVE;
				GCC_WARN_UNUSED_FUNCTION = YES;
				GCC_WARN_UNUSED_VARIABLE = YES;
				IPHONEOS_DEPLOYMENT_TARGET = 8.3;
				MTL_ENABLE_DEBUG_INFO = YES;
				ONLY_ACTIVE_ARCH = YES;
				SDKROOT = iphoneos;
				SWIFT_OPTIMIZATION_LEVEL = "-Onone";
			};
			name = Debug;
		};
		C75DCDCD1B112ACD001772CA /* Release */ = {
			isa = XCBuildConfiguration;
			buildSettings = {
				ALWAYS_SEARCH_USER_PATHS = NO;
				CLANG_CXX_LANGUAGE_STANDARD = "gnu++0x";
				CLANG_CXX_LIBRARY = "libc++";
				CLANG_ENABLE_MODULES = YES;
				CLANG_ENABLE_OBJC_ARC = YES;
				CLANG_WARN_BOOL_CONVERSION = YES;
				CLANG_WARN_CONSTANT_CONVERSION = YES;
				CLANG_WARN_DIRECT_OBJC_ISA_USAGE = YES_ERROR;
				CLANG_WARN_EMPTY_BODY = YES;
				CLANG_WARN_ENUM_CONVERSION = YES;
				CLANG_WARN_INT_CONVERSION = YES;
				CLANG_WARN_OBJC_ROOT_CLASS = YES_ERROR;
				CLANG_WARN_UNREACHABLE_CODE = YES;
				CLANG_WARN__DUPLICATE_METHOD_MATCH = YES;
				"CODE_SIGN_IDENTITY[sdk=iphoneos*]" = "iPhone Developer";
				COPY_PHASE_STRIP = NO;
				DEBUG_INFORMATION_FORMAT = "dwarf-with-dsym";
				ENABLE_NS_ASSERTIONS = NO;
				ENABLE_STRICT_OBJC_MSGSEND = YES;
				GCC_C_LANGUAGE_STANDARD = gnu99;
				GCC_NO_COMMON_BLOCKS = YES;
				GCC_WARN_64_TO_32_BIT_CONVERSION = YES;
				GCC_WARN_ABOUT_RETURN_TYPE = YES_ERROR;
				GCC_WARN_UNDECLARED_SELECTOR = YES;
				GCC_WARN_UNINITIALIZED_AUTOS = YES_AGGRESSIVE;
				GCC_WARN_UNUSED_FUNCTION = YES;
				GCC_WARN_UNUSED_VARIABLE = YES;
				IPHONEOS_DEPLOYMENT_TARGET = 8.3;
				MTL_ENABLE_DEBUG_INFO = NO;
				SDKROOT = iphoneos;
				VALIDATE_PRODUCT = YES;
			};
			name = Release;
		};
		C75DCDCF1B112ACD001772CA /* Debug */ = {
			isa = XCBuildConfiguration;
			buildSettings = {
				ASSETCATALOG_COMPILER_APPICON_NAME = AppIcon;
				INFOPLIST_FILE = "Ringo-iOS/Info.plist";
				LD_RUNPATH_SEARCH_PATHS = "$(inherited) @executable_path/Frameworks";
				PRODUCT_NAME = "$(TARGET_NAME)";
				TARGETED_DEVICE_FAMILY = 2;
			};
			name = Debug;
		};
		C75DCDD01B112ACD001772CA /* Release */ = {
			isa = XCBuildConfiguration;
			buildSettings = {
				ASSETCATALOG_COMPILER_APPICON_NAME = AppIcon;
				INFOPLIST_FILE = "Ringo-iOS/Info.plist";
				LD_RUNPATH_SEARCH_PATHS = "$(inherited) @executable_path/Frameworks";
				PRODUCT_NAME = "$(TARGET_NAME)";
				TARGETED_DEVICE_FAMILY = 2;
			};
			name = Release;
		};
		C75DCDD21B112ACD001772CA /* Debug */ = {
			isa = XCBuildConfiguration;
			buildSettings = {
				BUNDLE_LOADER = "$(TEST_HOST)";
				FRAMEWORK_SEARCH_PATHS = (
					"$(SDKROOT)/Developer/Library/Frameworks",
					"$(inherited)",
				);
				GCC_PREPROCESSOR_DEFINITIONS = (
					"DEBUG=1",
					"$(inherited)",
				);
				INFOPLIST_FILE = "Ringo-iOSTests/Info.plist";
				LD_RUNPATH_SEARCH_PATHS = "$(inherited) @executable_path/Frameworks @loader_path/Frameworks";
				PRODUCT_NAME = "$(TARGET_NAME)";
				TEST_HOST = "$(BUILT_PRODUCTS_DIR)/Ringo-iOS.app/Ringo-iOS";
			};
			name = Debug;
		};
		C75DCDD31B112ACD001772CA /* Release */ = {
			isa = XCBuildConfiguration;
			buildSettings = {
				BUNDLE_LOADER = "$(TEST_HOST)";
				FRAMEWORK_SEARCH_PATHS = (
					"$(SDKROOT)/Developer/Library/Frameworks",
					"$(inherited)",
				);
				INFOPLIST_FILE = "Ringo-iOSTests/Info.plist";
				LD_RUNPATH_SEARCH_PATHS = "$(inherited) @executable_path/Frameworks @loader_path/Frameworks";
				PRODUCT_NAME = "$(TARGET_NAME)";
				TEST_HOST = "$(BUILT_PRODUCTS_DIR)/Ringo-iOS.app/Ringo-iOS";
			};
			name = Release;
		};
/* End XCBuildConfiguration section */

/* Begin XCConfigurationList section */
		C75DCDAA1B112ACC001772CA /* Build configuration list for PBXProject "Ringo-iOS" */ = {
			isa = XCConfigurationList;
			buildConfigurations = (
				C75DCDCC1B112ACD001772CA /* Debug */,
				C75DCDCD1B112ACD001772CA /* Release */,
			);
			defaultConfigurationIsVisible = 0;
			defaultConfigurationName = Release;
		};
		C75DCDCE1B112ACD001772CA /* Build configuration list for PBXNativeTarget "Ringo-iOS" */ = {
			isa = XCConfigurationList;
			buildConfigurations = (
				C75DCDCF1B112ACD001772CA /* Debug */,
				C75DCDD01B112ACD001772CA /* Release */,
			);
			defaultConfigurationIsVisible = 0;
			defaultConfigurationName = Release;
		};
		C75DCDD11B112ACD001772CA /* Build configuration list for PBXNativeTarget "Ringo-iOSTests" */ = {
			isa = XCConfigurationList;
			buildConfigurations = (
				C75DCDD21B112ACD001772CA /* Debug */,
				C75DCDD31B112ACD001772CA /* Release */,
			);
			defaultConfigurationIsVisible = 0;
			defaultConfigurationName = Release;
		};
/* End XCConfigurationList section */
	};
	rootObject = C75DCDA71B112ACC001772CA /* Project object */;
}
