// !$*UTF8*$!
{
	archiveVersion = 1;
	classes = {
	};
	objectVersion = 46;
	objects = {

/* Begin PBXBuildFile section */
		C7329E2C1B0ED66C009220D8 /* AppDelegate.swift in Sources */ = {isa = PBXBuildFile; fileRef = C7329E2B1B0ED66C009220D8 /* AppDelegate.swift */; };
		C7329E2E1B0ED66C009220D8 /* ViewController.swift in Sources */ = {isa = PBXBuildFile; fileRef = C7329E2D1B0ED66C009220D8 /* ViewController.swift */; };
		C7329E311B0ED66C009220D8 /* Main.storyboard in Resources */ = {isa = PBXBuildFile; fileRef = C7329E2F1B0ED66C009220D8 /* Main.storyboard */; };
		C7329E331B0ED66C009220D8 /* Images.xcassets in Resources */ = {isa = PBXBuildFile; fileRef = C7329E321B0ED66C009220D8 /* Images.xcassets */; };
		C7329E361B0ED66C009220D8 /* LaunchScreen.xib in Resources */ = {isa = PBXBuildFile; fileRef = C7329E341B0ED66C009220D8 /* LaunchScreen.xib */; };
		C7329E421B0ED66C009220D8 /* RingoTests.swift in Sources */ = {isa = PBXBuildFile; fileRef = C7329E411B0ED66C009220D8 /* RingoTests.swift */; };
/* End PBXBuildFile section */

/* Begin PBXContainerItemProxy section */
		C7329E3C1B0ED66C009220D8 /* PBXContainerItemProxy */ = {
			isa = PBXContainerItemProxy;
			containerPortal = C7329E1E1B0ED66C009220D8 /* Project object */;
			proxyType = 1;
			remoteGlobalIDString = C7329E251B0ED66C009220D8;
			remoteInfo = Ringo;
		};
/* End PBXContainerItemProxy section */

/* Begin PBXFileReference section */
		C7329E261B0ED66C009220D8 /* Ringo.app */ = {isa = PBXFileReference; explicitFileType = wrapper.application; includeInIndex = 0; path = Ringo.app; sourceTree = BUILT_PRODUCTS_DIR; };
		C7329E2A1B0ED66C009220D8 /* Info.plist */ = {isa = PBXFileReference; lastKnownFileType = text.plist.xml; path = Info.plist; sourceTree = "<group>"; };
		C7329E2B1B0ED66C009220D8 /* AppDelegate.swift */ = {isa = PBXFileReference; lastKnownFileType = sourcecode.swift; path = AppDelegate.swift; sourceTree = "<group>"; };
		C7329E2D1B0ED66C009220D8 /* ViewController.swift */ = {isa = PBXFileReference; lastKnownFileType = sourcecode.swift; path = ViewController.swift; sourceTree = "<group>"; };
		C7329E301B0ED66C009220D8 /* Base */ = {isa = PBXFileReference; lastKnownFileType = file.storyboard; name = Base; path = Base.lproj/Main.storyboard; sourceTree = "<group>"; };
		C7329E321B0ED66C009220D8 /* Images.xcassets */ = {isa = PBXFileReference; lastKnownFileType = folder.assetcatalog; path = Images.xcassets; sourceTree = "<group>"; };
		C7329E351B0ED66C009220D8 /* Base */ = {isa = PBXFileReference; lastKnownFileType = file.xib; name = Base; path = Base.lproj/LaunchScreen.xib; sourceTree = "<group>"; };
		C7329E3B1B0ED66C009220D8 /* RingoTests.xctest */ = {isa = PBXFileReference; explicitFileType = wrapper.cfbundle; includeInIndex = 0; path = RingoTests.xctest; sourceTree = BUILT_PRODUCTS_DIR; };
		C7329E401B0ED66C009220D8 /* Info.plist */ = {isa = PBXFileReference; lastKnownFileType = text.plist.xml; path = Info.plist; sourceTree = "<group>"; };
		C7329E411B0ED66C009220D8 /* RingoTests.swift */ = {isa = PBXFileReference; lastKnownFileType = sourcecode.swift; path = RingoTests.swift; sourceTree = "<group>"; };
/* End PBXFileReference section */

/* Begin PBXFrameworksBuildPhase section */
		C7329E231B0ED66C009220D8 /* Frameworks */ = {
			isa = PBXFrameworksBuildPhase;
			buildActionMask = 2147483647;
			files = (
			);
			runOnlyForDeploymentPostprocessing = 0;
		};
		C7329E381B0ED66C009220D8 /* Frameworks */ = {
			isa = PBXFrameworksBuildPhase;
			buildActionMask = 2147483647;
			files = (
			);
			runOnlyForDeploymentPostprocessing = 0;
		};
/* End PBXFrameworksBuildPhase section */

/* Begin PBXGroup section */
		C7329E1D1B0ED66C009220D8 = {
			isa = PBXGroup;
			children = (
				C7329E281B0ED66C009220D8 /* Ringo */,
				C7329E3E1B0ED66C009220D8 /* RingoTests */,
				C7329E271B0ED66C009220D8 /* Products */,
			);
			sourceTree = "<group>";
		};
		C7329E271B0ED66C009220D8 /* Products */ = {
			isa = PBXGroup;
			children = (
				C7329E261B0ED66C009220D8 /* Ringo.app */,
				C7329E3B1B0ED66C009220D8 /* RingoTests.xctest */,
			);
			name = Products;
			sourceTree = "<group>";
		};
		C7329E281B0ED66C009220D8 /* Ringo */ = {
			isa = PBXGroup;
			children = (
				C7329E2B1B0ED66C009220D8 /* AppDelegate.swift */,
				C7329E2D1B0ED66C009220D8 /* ViewController.swift */,
				C7329E2F1B0ED66C009220D8 /* Main.storyboard */,
				C7329E321B0ED66C009220D8 /* Images.xcassets */,
				C7329E341B0ED66C009220D8 /* LaunchScreen.xib */,
				C7329E291B0ED66C009220D8 /* Supporting Files */,
			);
			path = Ringo;
			sourceTree = "<group>";
		};
		C7329E291B0ED66C009220D8 /* Supporting Files */ = {
			isa = PBXGroup;
			children = (
				C7329E2A1B0ED66C009220D8 /* Info.plist */,
			);
			name = "Supporting Files";
			sourceTree = "<group>";
		};
		C7329E3E1B0ED66C009220D8 /* RingoTests */ = {
			isa = PBXGroup;
			children = (
				C7329E411B0ED66C009220D8 /* RingoTests.swift */,
				C7329E3F1B0ED66C009220D8 /* Supporting Files */,
			);
			path = RingoTests;
			sourceTree = "<group>";
		};
		C7329E3F1B0ED66C009220D8 /* Supporting Files */ = {
			isa = PBXGroup;
			children = (
				C7329E401B0ED66C009220D8 /* Info.plist */,
			);
			name = "Supporting Files";
			sourceTree = "<group>";
		};
/* End PBXGroup section */

/* Begin PBXNativeTarget section */
		C7329E251B0ED66C009220D8 /* Ringo */ = {
			isa = PBXNativeTarget;
			buildConfigurationList = C7329E451B0ED66C009220D8 /* Build configuration list for PBXNativeTarget "Ringo" */;
			buildPhases = (
				C7329E221B0ED66C009220D8 /* Sources */,
				C7329E231B0ED66C009220D8 /* Frameworks */,
				C7329E241B0ED66C009220D8 /* Resources */,
			);
			buildRules = (
			);
			dependencies = (
			);
			name = Ringo;
			productName = Ringo;
			productReference = C7329E261B0ED66C009220D8 /* Ringo.app */;
			productType = "com.apple.product-type.application";
		};
		C7329E3A1B0ED66C009220D8 /* RingoTests */ = {
			isa = PBXNativeTarget;
			buildConfigurationList = C7329E481B0ED66C009220D8 /* Build configuration list for PBXNativeTarget "RingoTests" */;
			buildPhases = (
				C7329E371B0ED66C009220D8 /* Sources */,
				C7329E381B0ED66C009220D8 /* Frameworks */,
				C7329E391B0ED66C009220D8 /* Resources */,
			);
			buildRules = (
			);
			dependencies = (
				C7329E3D1B0ED66C009220D8 /* PBXTargetDependency */,
			);
			name = RingoTests;
			productName = RingoTests;
			productReference = C7329E3B1B0ED66C009220D8 /* RingoTests.xctest */;
			productType = "com.apple.product-type.bundle.unit-test";
		};
/* End PBXNativeTarget section */

/* Begin PBXProject section */
		C7329E1E1B0ED66C009220D8 /* Project object */ = {
			isa = PBXProject;
			attributes = {
				LastUpgradeCheck = 0630;
				ORGANIZATIONNAME = "Gautam Mittal";
				TargetAttributes = {
					C7329E251B0ED66C009220D8 = {
						CreatedOnToolsVersion = 6.3.2;
					};
					C7329E3A1B0ED66C009220D8 = {
						CreatedOnToolsVersion = 6.3.2;
						TestTargetID = C7329E251B0ED66C009220D8;
					};
				};
			};
			buildConfigurationList = C7329E211B0ED66C009220D8 /* Build configuration list for PBXProject "Ringo" */;
			compatibilityVersion = "Xcode 3.2";
			developmentRegion = English;
			hasScannedForEncodings = 0;
			knownRegions = (
				en,
				Base,
			);
			mainGroup = C7329E1D1B0ED66C009220D8;
			productRefGroup = C7329E271B0ED66C009220D8 /* Products */;
			projectDirPath = "";
			projectRoot = "";
			targets = (
				C7329E251B0ED66C009220D8 /* Ringo */,
				C7329E3A1B0ED66C009220D8 /* RingoTests */,
			);
		};
/* End PBXProject section */

/* Begin PBXResourcesBuildPhase section */
		C7329E241B0ED66C009220D8 /* Resources */ = {
			isa = PBXResourcesBuildPhase;
			buildActionMask = 2147483647;
			files = (
				C7329E311B0ED66C009220D8 /* Main.storyboard in Resources */,
				C7329E361B0ED66C009220D8 /* LaunchScreen.xib in Resources */,
				C7329E331B0ED66C009220D8 /* Images.xcassets in Resources */,
			);
			runOnlyForDeploymentPostprocessing = 0;
		};
		C7329E391B0ED66C009220D8 /* Resources */ = {
			isa = PBXResourcesBuildPhase;
			buildActionMask = 2147483647;
			files = (
			);
			runOnlyForDeploymentPostprocessing = 0;
		};
/* End PBXResourcesBuildPhase section */

/* Begin PBXSourcesBuildPhase section */
		C7329E221B0ED66C009220D8 /* Sources */ = {
			isa = PBXSourcesBuildPhase;
			buildActionMask = 2147483647;
			files = (
				C7329E2E1B0ED66C009220D8 /* ViewController.swift in Sources */,
				C7329E2C1B0ED66C009220D8 /* AppDelegate.swift in Sources */,
			);
			runOnlyForDeploymentPostprocessing = 0;
		};
		C7329E371B0ED66C009220D8 /* Sources */ = {
			isa = PBXSourcesBuildPhase;
			buildActionMask = 2147483647;
			files = (
				C7329E421B0ED66C009220D8 /* RingoTests.swift in Sources */,
			);
			runOnlyForDeploymentPostprocessing = 0;
		};
/* End PBXSourcesBuildPhase section */

/* Begin PBXTargetDependency section */
		C7329E3D1B0ED66C009220D8 /* PBXTargetDependency */ = {
			isa = PBXTargetDependency;
			target = C7329E251B0ED66C009220D8 /* Ringo */;
			targetProxy = C7329E3C1B0ED66C009220D8 /* PBXContainerItemProxy */;
		};
/* End PBXTargetDependency section */

/* Begin PBXVariantGroup section */
		C7329E2F1B0ED66C009220D8 /* Main.storyboard */ = {
			isa = PBXVariantGroup;
			children = (
				C7329E301B0ED66C009220D8 /* Base */,
			);
			name = Main.storyboard;
			sourceTree = "<group>";
		};
		C7329E341B0ED66C009220D8 /* LaunchScreen.xib */ = {
			isa = PBXVariantGroup;
			children = (
				C7329E351B0ED66C009220D8 /* Base */,
			);
			name = LaunchScreen.xib;
			sourceTree = "<group>";
		};
/* End PBXVariantGroup section */

/* Begin XCBuildConfiguration section */
		C7329E431B0ED66C009220D8 /* Debug */ = {
			isa = XCBuildConfiguration;
			buildSettings = {
				ALWAYS_SEARCH_USER_PATHS = NO;
				CLANG_CXX_LANGUAGE_STANDARD = "gnu++0x";
				CLANG_CXX_LIBRARY = "libc++";
				CLANG_ENABLE_MODULES = YES;
				CLANG_ENABLE_OBJC_ARC = YES;
				CLANG_WARN_BOOL_CONVERSION = YES;
				CLANG_WARN_CONSTANT_CONVERSION = YES;
				CLANG_WARN_DIRECT_OBJC_ISA_USAGE = YES_ERROR;
				CLANG_WARN_EMPTY_BODY = YES;
				CLANG_WARN_ENUM_CONVERSION = YES;
				CLANG_WARN_INT_CONVERSION = YES;
				CLANG_WARN_OBJC_ROOT_CLASS = YES_ERROR;
				CLANG_WARN_UNREACHABLE_CODE = YES;
				CLANG_WARN__DUPLICATE_METHOD_MATCH = YES;
				"CODE_SIGN_IDENTITY[sdk=iphoneos*]" = "iPhone Developer";
				COPY_PHASE_STRIP = NO;
				DEBUG_INFORMATION_FORMAT = "dwarf-with-dsym";
				ENABLE_STRICT_OBJC_MSGSEND = YES;
				GCC_C_LANGUAGE_STANDARD = gnu99;
				GCC_DYNAMIC_NO_PIC = NO;
				GCC_NO_COMMON_BLOCKS = YES;
				GCC_OPTIMIZATION_LEVEL = 0;
				GCC_PREPROCESSOR_DEFINITIONS = (
					"DEBUG=1",
					"$(inherited)",
				);
				GCC_SYMBOLS_PRIVATE_EXTERN = NO;
				GCC_WARN_64_TO_32_BIT_CONVERSION = YES;
				GCC_WARN_ABOUT_RETURN_TYPE = YES_ERROR;
				GCC_WARN_UNDECLARED_SELECTOR = YES;
				GCC_WARN_UNINITIALIZED_AUTOS = YES_AGGRESSIVE;
				GCC_WARN_UNUSED_FUNCTION = YES;
				GCC_WARN_UNUSED_VARIABLE = YES;
				IPHONEOS_DEPLOYMENT_TARGET = 8.3;
				MTL_ENABLE_DEBUG_INFO = YES;
				ONLY_ACTIVE_ARCH = YES;
				SDKROOT = iphoneos;
				SWIFT_OPTIMIZATION_LEVEL = "-Onone";
				TARGETED_DEVICE_FAMILY = 2;
			};
			name = Debug;
		};
		C7329E441B0ED66C009220D8 /* Release */ = {
			isa = XCBuildConfiguration;
			buildSettings = {
				ALWAYS_SEARCH_USER_PATHS = NO;
				CLANG_CXX_LANGUAGE_STANDARD = "gnu++0x";
				CLANG_CXX_LIBRARY = "libc++";
				CLANG_ENABLE_MODULES = YES;
				CLANG_ENABLE_OBJC_ARC = YES;
				CLANG_WARN_BOOL_CONVERSION = YES;
				CLANG_WARN_CONSTANT_CONVERSION = YES;
				CLANG_WARN_DIRECT_OBJC_ISA_USAGE = YES_ERROR;
				CLANG_WARN_EMPTY_BODY = YES;
				CLANG_WARN_ENUM_CONVERSION = YES;
				CLANG_WARN_INT_CONVERSION = YES;
				CLANG_WARN_OBJC_ROOT_CLASS = YES_ERROR;
				CLANG_WARN_UNREACHABLE_CODE = YES;
				CLANG_WARN__DUPLICATE_METHOD_MATCH = YES;
				"CODE_SIGN_IDENTITY[sdk=iphoneos*]" = "iPhone Developer";
				COPY_PHASE_STRIP = NO;
				DEBUG_INFORMATION_FORMAT = "dwarf-with-dsym";
				ENABLE_NS_ASSERTIONS = NO;
				ENABLE_STRICT_OBJC_MSGSEND = YES;
				GCC_C_LANGUAGE_STANDARD = gnu99;
				GCC_NO_COMMON_BLOCKS = YES;
				GCC_WARN_64_TO_32_BIT_CONVERSION = YES;
				GCC_WARN_ABOUT_RETURN_TYPE = YES_ERROR;
				GCC_WARN_UNDECLARED_SELECTOR = YES;
				GCC_WARN_UNINITIALIZED_AUTOS = YES_AGGRESSIVE;
				GCC_WARN_UNUSED_FUNCTION = YES;
				GCC_WARN_UNUSED_VARIABLE = YES;
				IPHONEOS_DEPLOYMENT_TARGET = 8.3;
				MTL_ENABLE_DEBUG_INFO = NO;
				SDKROOT = iphoneos;
				TARGETED_DEVICE_FAMILY = 2;
				VALIDATE_PRODUCT = YES;
			};
			name = Release;
		};
		C7329E461B0ED66C009220D8 /* Debug */ = {
			isa = XCBuildConfiguration;
			buildSettings = {
				ASSETCATALOG_COMPILER_APPICON_NAME = AppIcon;
				INFOPLIST_FILE = Ringo/Info.plist;
				LD_RUNPATH_SEARCH_PATHS = "$(inherited) @executable_path/Frameworks";
				PRODUCT_NAME = "$(TARGET_NAME)";
			};
			name = Debug;
		};
		C7329E471B0ED66C009220D8 /* Release */ = {
			isa = XCBuildConfiguration;
			buildSettings = {
				ASSETCATALOG_COMPILER_APPICON_NAME = AppIcon;
				INFOPLIST_FILE = Ringo/Info.plist;
				LD_RUNPATH_SEARCH_PATHS = "$(inherited) @executable_path/Frameworks";
				PRODUCT_NAME = "$(TARGET_NAME)";
			};
			name = Release;
		};
		C7329E491B0ED66C009220D8 /* Debug */ = {
			isa = XCBuildConfiguration;
			buildSettings = {
				BUNDLE_LOADER = "$(TEST_HOST)";
				FRAMEWORK_SEARCH_PATHS = (
					"$(SDKROOT)/Developer/Library/Frameworks",
					"$(inherited)",
				);
				GCC_PREPROCESSOR_DEFINITIONS = (
					"DEBUG=1",
					"$(inherited)",
				);
				INFOPLIST_FILE = RingoTests/Info.plist;
				LD_RUNPATH_SEARCH_PATHS = "$(inherited) @executable_path/Frameworks @loader_path/Frameworks";
				PRODUCT_NAME = "$(TARGET_NAME)";
				TEST_HOST = "$(BUILT_PRODUCTS_DIR)/Ringo.app/Ringo";
			};
			name = Debug;
		};
		C7329E4A1B0ED66C009220D8 /* Release */ = {
			isa = XCBuildConfiguration;
			buildSettings = {
				BUNDLE_LOADER = "$(TEST_HOST)";
				FRAMEWORK_SEARCH_PATHS = (
					"$(SDKROOT)/Developer/Library/Frameworks",
					"$(inherited)",
				);
				INFOPLIST_FILE = RingoTests/Info.plist;
				LD_RUNPATH_SEARCH_PATHS = "$(inherited) @executable_path/Frameworks @loader_path/Frameworks";
				PRODUCT_NAME = "$(TARGET_NAME)";
				TEST_HOST = "$(BUILT_PRODUCTS_DIR)/Ringo.app/Ringo";
			};
			name = Release;
		};
/* End XCBuildConfiguration section */

/* Begin XCConfigurationList section */
		C7329E211B0ED66C009220D8 /* Build configuration list for PBXProject "Ringo" */ = {
			isa = XCConfigurationList;
			buildConfigurations = (
				C7329E431B0ED66C009220D8 /* Debug */,
				C7329E441B0ED66C009220D8 /* Release */,
			);
			defaultConfigurationIsVisible = 0;
			defaultConfigurationName = Release;
		};
		C7329E451B0ED66C009220D8 /* Build configuration list for PBXNativeTarget "Ringo" */ = {
			isa = XCConfigurationList;
			buildConfigurations = (
				C7329E461B0ED66C009220D8 /* Debug */,
				C7329E471B0ED66C009220D8 /* Release */,
			);
			defaultConfigurationIsVisible = 0;
			defaultConfigurationName = Release;
		};
		C7329E481B0ED66C009220D8 /* Build configuration list for PBXNativeTarget "RingoTests" */ = {
			isa = XCConfigurationList;
			buildConfigurations = (
				C7329E491B0ED66C009220D8 /* Debug */,
				C7329E4A1B0ED66C009220D8 /* Release */,
			);
			defaultConfigurationIsVisible = 0;
			defaultConfigurationName = Release;
		};
/* End XCConfigurationList section */
	};
	rootObject = C7329E1E1B0ED66C009220D8 /* Project object */;
}
